// !$*UTF8*$!
{
	archiveVersion = 1;
	classes = {
	};
	objectVersion = 50;
	objects = {

/* Begin PBXBuildFile section */
		BCF5005B254806B800DE7797 /* imagenet_classes.txt in Resources */ = {isa = PBXBuildFile; fileRef = BCF5FEE8254806B700DE7797 /* imagenet_classes.txt */; };
		BCF5005C254806B800DE7797 /* ghostnet_f32.bolt in Resources */ = {isa = PBXBuildFile; fileRef = BCF5FEE9254806B700DE7797 /* ghostnet_f32.bolt */; };
		BCF5006D254806B800DE7797 /* ghostnet_f16.bolt in Resources */ = {isa = PBXBuildFile; fileRef = BCF50058254806B800DE7797 /* ghostnet_f16.bolt */; };
		BCF5006E254806B800DE7797 /* libflow.a in Frameworks */ = {isa = PBXBuildFile; fileRef = BCF50059254806B800DE7797 /* libflow.a */; };
		BCF5006F254806B800DE7797 /* libbolt.a in Frameworks */ = {isa = PBXBuildFile; fileRef = BCF5005A254806B800DE7797 /* libbolt.a */; };
		BCF50073254807B500DE7797 /* CoreMedia.framework in Frameworks */ = {isa = PBXBuildFile; fileRef = BCF50072254807B400DE7797 /* CoreMedia.framework */; };
		BCF5015C254958DA00DE7797 /* libprotobuf.a in Frameworks */ = {isa = PBXBuildFile; fileRef = BCF5015B254958DA00DE7797 /* libprotobuf.a */; };
		BCF501D0254A943E00DE7797 /* image_classification.prototxt in Resources */ = {isa = PBXBuildFile; fileRef = BCF501CF254A943E00DE7797 /* image_classification.prototxt */; };
		BCF5FEB12548061D00DE7797 /* AppDelegate.m in Sources */ = {isa = PBXBuildFile; fileRef = BCF5FEB02548061D00DE7797 /* AppDelegate.m */; };
		BCF5FEB42548061D00DE7797 /* SceneDelegate.m in Sources */ = {isa = PBXBuildFile; fileRef = BCF5FEB32548061D00DE7797 /* SceneDelegate.m */; };
		BCF5FEB72548061D00DE7797 /* ViewController.mm in Sources */ = {isa = PBXBuildFile; fileRef = BCF5FEB62548061D00DE7797 /* ViewController.mm */; };
		BCF5FEBA2548061D00DE7797 /* Main.storyboard in Resources */ = {isa = PBXBuildFile; fileRef = BCF5FEB82548061D00DE7797 /* Main.storyboard */; };
		BCF5FEBC2548062600DE7797 /* Assets.xcassets in Resources */ = {isa = PBXBuildFile; fileRef = BCF5FEBB2548062600DE7797 /* Assets.xcassets */; };
		BCF5FEBF2548062600DE7797 /* LaunchScreen.storyboard in Resources */ = {isa = PBXBuildFile; fileRef = BCF5FEBD2548062600DE7797 /* LaunchScreen.storyboard */; };
		BCF5FEC22548062600DE7797 /* main.m in Sources */ = {isa = PBXBuildFile; fileRef = BCF5FEC12548062600DE7797 /* main.m */; };
		BCF5FECC2548062700DE7797 /* ImageClassificationDemoTests.m in Sources */ = {isa = PBXBuildFile; fileRef = BCF5FECB2548062700DE7797 /* ImageClassificationDemoTests.m */; };
		BCF5FED72548062700DE7797 /* ImageClassificationDemoUITests.m in Sources */ = {isa = PBXBuildFile; fileRef = BCF5FED62548062700DE7797 /* ImageClassificationDemoUITests.m */; };
		BCF5FEE62548064F00DE7797 /* AVFoundation.framework in Frameworks */ = {isa = PBXBuildFile; fileRef = BCF5FEE52548064F00DE7797 /* AVFoundation.framework */; };
/* End PBXBuildFile section */

/* Begin PBXContainerItemProxy section */
		BCF5FEC82548062700DE7797 /* PBXContainerItemProxy */ = {
			isa = PBXContainerItemProxy;
			containerPortal = BCF5FEA42548061D00DE7797 /* Project object */;
			proxyType = 1;
			remoteGlobalIDString = BCF5FEAB2548061D00DE7797;
			remoteInfo = ImageClassificationDemo;
		};
		BCF5FED32548062700DE7797 /* PBXContainerItemProxy */ = {
			isa = PBXContainerItemProxy;
			containerPortal = BCF5FEA42548061D00DE7797 /* Project object */;
			proxyType = 1;
			remoteGlobalIDString = BCF5FEAB2548061D00DE7797;
			remoteInfo = ImageClassificationDemo;
		};
/* End PBXContainerItemProxy section */

/* Begin PBXFileReference section */
		BCF50058254806B800DE7797 /* ghostnet_f16.bolt */ = {isa = PBXFileReference; lastKnownFileType = file; path = ghostnet_f16.bolt; sourceTree = "<group>"; };
		BCF50059254806B800DE7797 /* libflow.a */ = {isa = PBXFileReference; lastKnownFileType = archive.ar; path = libflow.a; sourceTree = "<group>"; };
		BCF5005A254806B800DE7797 /* libbolt.a */ = {isa = PBXFileReference; lastKnownFileType = archive.ar; path = libbolt.a; sourceTree = "<group>"; };
		BCF50072254807B400DE7797 /* CoreMedia.framework */ = {isa = PBXFileReference; lastKnownFileType = wrapper.framework; name = CoreMedia.framework; path = System/Library/Frameworks/CoreMedia.framework; sourceTree = SDKROOT; };
		BCF500B82549525700DE7797 /* cnn.h */ = {isa = PBXFileReference; fileEncoding = 4; lastKnownFileType = sourcecode.c.h; path = cnn.h; sourceTree = "<group>"; };
		BCF500B92549525700DE7797 /* memory_tracker.hpp */ = {isa = PBXFileReference; fileEncoding = 4; lastKnownFileType = sourcecode.cpp.h; path = memory_tracker.hpp; sourceTree = "<group>"; };
		BCF500BA2549525700DE7797 /* model.hpp */ = {isa = PBXFileReference; fileEncoding = 4; lastKnownFileType = sourcecode.cpp.h; path = model.hpp; sourceTree = "<group>"; };
		BCF500BB2549525700DE7797 /* operator.hpp */ = {isa = PBXFileReference; fileEncoding = 4; lastKnownFileType = sourcecode.cpp.h; path = operator.hpp; sourceTree = "<group>"; };
		BCF501452549525700DE7797 /* kit_flags.h */ = {isa = PBXFileReference; fileEncoding = 4; lastKnownFileType = sourcecode.c.h; path = kit_flags.h; sourceTree = "<group>"; };
		BCF501472549525700DE7797 /* node.h */ = {isa = PBXFileReference; fileEncoding = 4; lastKnownFileType = sourcecode.c.h; path = node.h; sourceTree = "<group>"; };
		BCF501482549525700DE7797 /* flow.h */ = {isa = PBXFileReference; fileEncoding = 4; lastKnownFileType = sourcecode.c.h; path = flow.h; sourceTree = "<group>"; };
		BCF501492549525700DE7797 /* flow_function_factory.h */ = {isa = PBXFileReference; fileEncoding = 4; lastKnownFileType = sourcecode.c.h; path = flow_function_factory.h; sourceTree = "<group>"; };
		BCF5014A2549525700DE7797 /* flow.pb.h */ = {isa = PBXFileReference; fileEncoding = 4; lastKnownFileType = sourcecode.c.h; path = flow.pb.h; sourceTree = "<group>"; };
		BCF5015B254958DA00DE7797 /* libprotobuf.a */ = {isa = PBXFileReference; lastKnownFileType = archive.ar; path = libprotobuf.a; sourceTree = "<group>"; };
		BCF50163254A927800DE7797 /* scoped_ptr.h */ = {isa = PBXFileReference; fileEncoding = 4; lastKnownFileType = sourcecode.c.h; path = scoped_ptr.h; sourceTree = "<group>"; };
		BCF50164254A927800DE7797 /* stl_util.h */ = {isa = PBXFileReference; fileEncoding = 4; lastKnownFileType = sourcecode.c.h; path = stl_util.h; sourceTree = "<group>"; };
		BCF50165254A927800DE7797 /* atomicops_internals_solaris.h */ = {isa = PBXFileReference; fileEncoding = 4; lastKnownFileType = sourcecode.c.h; path = atomicops_internals_solaris.h; sourceTree = "<group>"; };
		BCF50166254A927800DE7797 /* port.h */ = {isa = PBXFileReference; fileEncoding = 4; lastKnownFileType = sourcecode.c.h; path = port.h; sourceTree = "<group>"; };
		BCF50167254A927800DE7797 /* atomic_sequence_num.h */ = {isa = PBXFileReference; fileEncoding = 4; lastKnownFileType = sourcecode.c.h; path = atomic_sequence_num.h; sourceTree = "<group>"; };
		BCF50168254A927800DE7797 /* atomicops_internals_arm_gcc.h */ = {isa = PBXFileReference; fileEncoding = 4; lastKnownFileType = sourcecode.c.h; path = atomicops_internals_arm_gcc.h; sourceTree = "<group>"; };
		BCF50169254A927800DE7797 /* template_util.h */ = {isa = PBXFileReference; fileEncoding = 4; lastKnownFileType = sourcecode.c.h; path = template_util.h; sourceTree = "<group>"; };
		BCF5016A254A927800DE7797 /* atomicops_internals_macosx.h */ = {isa = PBXFileReference; fileEncoding = 4; lastKnownFileType = sourcecode.c.h; path = atomicops_internals_macosx.h; sourceTree = "<group>"; };
		BCF5016B254A927800DE7797 /* atomicops_internals_ppc_gcc.h */ = {isa = PBXFileReference; fileEncoding = 4; lastKnownFileType = sourcecode.c.h; path = atomicops_internals_ppc_gcc.h; sourceTree = "<group>"; };
		BCF5016C254A927800DE7797 /* atomicops_internals_mips_gcc.h */ = {isa = PBXFileReference; fileEncoding = 4; lastKnownFileType = sourcecode.c.h; path = atomicops_internals_mips_gcc.h; sourceTree = "<group>"; };
		BCF5016D254A927800DE7797 /* casts.h */ = {isa = PBXFileReference; fileEncoding = 4; lastKnownFileType = sourcecode.c.h; path = casts.h; sourceTree = "<group>"; };
		BCF5016E254A927800DE7797 /* logging.h */ = {isa = PBXFileReference; fileEncoding = 4; lastKnownFileType = sourcecode.c.h; path = logging.h; sourceTree = "<group>"; };
		BCF5016F254A927800DE7797 /* atomicops.h */ = {isa = PBXFileReference; fileEncoding = 4; lastKnownFileType = sourcecode.c.h; path = atomicops.h; sourceTree = "<group>"; };
		BCF50170254A927800DE7797 /* atomicops_internals_x86_gcc.h */ = {isa = PBXFileReference; fileEncoding = 4; lastKnownFileType = sourcecode.c.h; path = atomicops_internals_x86_gcc.h; sourceTree = "<group>"; };
		BCF50171254A927800DE7797 /* atomicops_internals_power.h */ = {isa = PBXFileReference; fileEncoding = 4; lastKnownFileType = sourcecode.c.h; path = atomicops_internals_power.h; sourceTree = "<group>"; };
		BCF50172254A927800DE7797 /* atomicops_internals_x86_msvc.h */ = {isa = PBXFileReference; fileEncoding = 4; lastKnownFileType = sourcecode.c.h; path = atomicops_internals_x86_msvc.h; sourceTree = "<group>"; };
		BCF50173254A927800DE7797 /* atomicops_internals_tsan.h */ = {isa = PBXFileReference; fileEncoding = 4; lastKnownFileType = sourcecode.c.h; path = atomicops_internals_tsan.h; sourceTree = "<group>"; };
		BCF50174254A927800DE7797 /* atomicops_internals_generic_gcc.h */ = {isa = PBXFileReference; fileEncoding = 4; lastKnownFileType = sourcecode.c.h; path = atomicops_internals_generic_gcc.h; sourceTree = "<group>"; };
		BCF50175254A927800DE7797 /* atomicops_internals_arm_qnx.h */ = {isa = PBXFileReference; fileEncoding = 4; lastKnownFileType = sourcecode.c.h; path = atomicops_internals_arm_qnx.h; sourceTree = "<group>"; };
		BCF50176254A927800DE7797 /* common.h */ = {isa = PBXFileReference; fileEncoding = 4; lastKnownFileType = sourcecode.c.h; path = common.h; sourceTree = "<group>"; };
		BCF50177254A927800DE7797 /* shared_ptr.h */ = {isa = PBXFileReference; fileEncoding = 4; lastKnownFileType = sourcecode.c.h; path = shared_ptr.h; sourceTree = "<group>"; };
		BCF50178254A927800DE7797 /* macros.h */ = {isa = PBXFileReference; fileEncoding = 4; lastKnownFileType = sourcecode.c.h; path = macros.h; sourceTree = "<group>"; };
		BCF50179254A927800DE7797 /* atomicops_internals_arm64_gcc.h */ = {isa = PBXFileReference; fileEncoding = 4; lastKnownFileType = sourcecode.c.h; path = atomicops_internals_arm64_gcc.h; sourceTree = "<group>"; };
		BCF5017A254A927800DE7797 /* platform_macros.h */ = {isa = PBXFileReference; fileEncoding = 4; lastKnownFileType = sourcecode.c.h; path = platform_macros.h; sourceTree = "<group>"; };
		BCF5017B254A927800DE7797 /* once.h */ = {isa = PBXFileReference; fileEncoding = 4; lastKnownFileType = sourcecode.c.h; path = once.h; sourceTree = "<group>"; };
		BCF5017C254A927800DE7797 /* fastmem.h */ = {isa = PBXFileReference; fileEncoding = 4; lastKnownFileType = sourcecode.c.h; path = fastmem.h; sourceTree = "<group>"; };
		BCF5017D254A927800DE7797 /* atomicops_internals_pnacl.h */ = {isa = PBXFileReference; fileEncoding = 4; lastKnownFileType = sourcecode.c.h; path = atomicops_internals_pnacl.h; sourceTree = "<group>"; };
		BCF5017E254A927800DE7797 /* mutex.h */ = {isa = PBXFileReference; fileEncoding = 4; lastKnownFileType = sourcecode.c.h; path = mutex.h; sourceTree = "<group>"; };
		BCF5017F254A927800DE7797 /* type_traits.h */ = {isa = PBXFileReference; fileEncoding = 4; lastKnownFileType = sourcecode.c.h; path = type_traits.h; sourceTree = "<group>"; };
		BCF50180254A927800DE7797 /* callback.h */ = {isa = PBXFileReference; fileEncoding = 4; lastKnownFileType = sourcecode.c.h; path = callback.h; sourceTree = "<group>"; };
		BCF50181254A927800DE7797 /* atomicops_internals_atomicword_compat.h */ = {isa = PBXFileReference; fileEncoding = 4; lastKnownFileType = sourcecode.c.h; path = atomicops_internals_atomicword_compat.h; sourceTree = "<group>"; };
		BCF50183254A927800DE7797 /* repeated_field.h */ = {isa = PBXFileReference; fileEncoding = 4; lastKnownFileType = sourcecode.c.h; path = repeated_field.h; sourceTree = "<group>"; };
		BCF50186254A927800DE7797 /* arenastring.h */ = {isa = PBXFileReference; fileEncoding = 4; lastKnownFileType = sourcecode.c.h; path = arenastring.h; sourceTree = "<group>"; };
		BCF50188254A927800DE7797 /* descriptor.h */ = {isa = PBXFileReference; fileEncoding = 4; lastKnownFileType = sourcecode.c.h; path = descriptor.h; sourceTree = "<group>"; };
		BCF5018A254A927800DE7797 /* zero_copy_stream_impl.h */ = {isa = PBXFileReference; fileEncoding = 4; lastKnownFileType = sourcecode.c.h; path = zero_copy_stream_impl.h; sourceTree = "<group>"; };
		BCF5018B254A927800DE7797 /* zero_copy_stream_impl_lite.h */ = {isa = PBXFileReference; fileEncoding = 4; lastKnownFileType = sourcecode.c.h; path = zero_copy_stream_impl_lite.h; sourceTree = "<group>"; };
		BCF5018C254A927800DE7797 /* strtod.h */ = {isa = PBXFileReference; fileEncoding = 4; lastKnownFileType = sourcecode.c.h; path = strtod.h; sourceTree = "<group>"; };
		BCF5018D254A927800DE7797 /* zero_copy_stream.h */ = {isa = PBXFileReference; fileEncoding = 4; lastKnownFileType = sourcecode.c.h; path = zero_copy_stream.h; sourceTree = "<group>"; };
		BCF5018E254A927800DE7797 /* coded_stream.h */ = {isa = PBXFileReference; fileEncoding = 4; lastKnownFileType = sourcecode.c.h; path = coded_stream.h; sourceTree = "<group>"; };
		BCF5018F254A927800DE7797 /* message.h */ = {isa = PBXFileReference; fileEncoding = 4; lastKnownFileType = sourcecode.c.h; path = message.h; sourceTree = "<group>"; };
		BCF50191254A927800DE7797 /* text_format.h */ = {isa = PBXFileReference; fileEncoding = 4; lastKnownFileType = sourcecode.c.h; path = text_format.h; sourceTree = "<group>"; };
		BCF50192254A927800DE7797 /* has_bits.h */ = {isa = PBXFileReference; fileEncoding = 4; lastKnownFileType = sourcecode.c.h; path = has_bits.h; sourceTree = "<group>"; };
		BCF50194254A927800DE7797 /* metadata.h */ = {isa = PBXFileReference; fileEncoding = 4; lastKnownFileType = sourcecode.c.h; path = metadata.h; sourceTree = "<group>"; };
		BCF50195254A927800DE7797 /* extension_set.h */ = {isa = PBXFileReference; fileEncoding = 4; lastKnownFileType = sourcecode.c.h; path = extension_set.h; sourceTree = "<group>"; };
		BCF50199254A927800DE7797 /* unknown_field_set.h */ = {isa = PBXFileReference; fileEncoding = 4; lastKnownFileType = sourcecode.c.h; path = unknown_field_set.h; sourceTree = "<group>"; };
		BCF5019A254A927800DE7797 /* message_lite.h */ = {isa = PBXFileReference; fileEncoding = 4; lastKnownFileType = sourcecode.c.h; path = message_lite.h; sourceTree = "<group>"; };
		BCF5019B254A927800DE7797 /* generated_message_util.h */ = {isa = PBXFileReference; fileEncoding = 4; lastKnownFileType = sourcecode.c.h; path = generated_message_util.h; sourceTree = "<group>"; };
		BCF5019E254A927800DE7797 /* arena.h */ = {isa = PBXFileReference; fileEncoding = 4; lastKnownFileType = sourcecode.c.h; path = arena.h; sourceTree = "<group>"; };
		BCF501B9254A937100DE7797 /* parse_command.h */ = {isa = PBXFileReference; fileEncoding = 4; lastKnownFileType = sourcecode.c.h; path = parse_command.h; sourceTree = "<group>"; };
		BCF501BA254A937200DE7797 /* task.h */ = {isa = PBXFileReference; fileEncoding = 4; lastKnownFileType = sourcecode.c.h; path = task.h; sourceTree = "<group>"; };
		BCF501BB254A937200DE7797 /* sys.h */ = {isa = PBXFileReference; fileEncoding = 4; lastKnownFileType = sourcecode.c.h; path = sys.h; sourceTree = "<group>"; };
		BCF501BC254A937200DE7797 /* thread_affinity.h */ = {isa = PBXFileReference; fileEncoding = 4; lastKnownFileType = sourcecode.c.h; path = thread_affinity.h; sourceTree = "<group>"; };
		BCF501BD254A937200DE7797 /* x86_avx2_expand.h */ = {isa = PBXFileReference; fileEncoding = 4; lastKnownFileType = sourcecode.c.h; path = x86_avx2_expand.h; sourceTree = "<group>"; };
		BCF501BE254A937200DE7797 /* arm_neon_expand.h */ = {isa = PBXFileReference; fileEncoding = 4; lastKnownFileType = sourcecode.c.h; path = arm_neon_expand.h; sourceTree = "<group>"; };
		BCF501BF254A937200DE7797 /* model_print.h */ = {isa = PBXFileReference; fileEncoding = 4; lastKnownFileType = sourcecode.c.h; path = model_print.h; sourceTree = "<group>"; };
		BCF501C0254A937200DE7797 /* op_type.h */ = {isa = PBXFileReference; fileEncoding = 4; lastKnownFileType = sourcecode.c.h; path = op_type.h; sourceTree = "<group>"; };
		BCF501C1254A937200DE7797 /* graph.h */ = {isa = PBXFileReference; fileEncoding = 4; lastKnownFileType = sourcecode.c.h; path = graph.h; sourceTree = "<group>"; };
		BCF501C2254A937200DE7797 /* model_serialize_deserialize.hpp */ = {isa = PBXFileReference; fileEncoding = 4; lastKnownFileType = sourcecode.cpp.h; path = model_serialize_deserialize.hpp; sourceTree = "<group>"; };
		BCF501C3254A937200DE7797 /* types.h */ = {isa = PBXFileReference; fileEncoding = 4; lastKnownFileType = sourcecode.c.h; path = types.h; sourceTree = "<group>"; };
		BCF501C4254A937200DE7797 /* error.h */ = {isa = PBXFileReference; fileEncoding = 4; lastKnownFileType = sourcecode.c.h; path = error.h; sourceTree = "<group>"; };
		BCF501C5254A937200DE7797 /* algorithm_map.h */ = {isa = PBXFileReference; fileEncoding = 4; lastKnownFileType = sourcecode.c.h; path = algorithm_map.h; sourceTree = "<group>"; };
		BCF501C6254A937200DE7797 /* ut_util.h */ = {isa = PBXFileReference; fileEncoding = 4; lastKnownFileType = sourcecode.c.h; path = ut_util.h; sourceTree = "<group>"; };
		BCF501C7254A937200DE7797 /* profiling.h */ = {isa = PBXFileReference; fileEncoding = 4; lastKnownFileType = sourcecode.c.h; path = profiling.h; sourceTree = "<group>"; };
		BCF501C8254A937200DE7797 /* schedule.h */ = {isa = PBXFileReference; fileEncoding = 4; lastKnownFileType = sourcecode.c.h; path = schedule.h; sourceTree = "<group>"; };
		BCF501C9254A937200DE7797 /* tensor_desc.h */ = {isa = PBXFileReference; fileEncoding = 4; lastKnownFileType = sourcecode.c.h; path = tensor_desc.h; sourceTree = "<group>"; };
		BCF501CA254A93D800DE7797 /* memory_ocl.hpp */ = {isa = PBXFileReference; fileEncoding = 4; lastKnownFileType = sourcecode.cpp.h; path = memory_ocl.hpp; sourceTree = "<group>"; };
		BCF501CB254A93D800DE7797 /* memory_cpu.hpp */ = {isa = PBXFileReference; fileEncoding = 4; lastKnownFileType = sourcecode.cpp.h; path = memory_cpu.hpp; sourceTree = "<group>"; };
		BCF501CC254A93D800DE7797 /* memory.hpp */ = {isa = PBXFileReference; fileEncoding = 4; lastKnownFileType = sourcecode.cpp.h; path = memory.hpp; sourceTree = "<group>"; };
		BCF501CD254A93D800DE7797 /* tensor.hpp */ = {isa = PBXFileReference; fileEncoding = 4; lastKnownFileType = sourcecode.cpp.h; path = tensor.hpp; sourceTree = "<group>"; };
		BCF501CE254A93D800DE7797 /* point_cast.hpp */ = {isa = PBXFileReference; fileEncoding = 4; lastKnownFileType = sourcecode.cpp.h; path = point_cast.hpp; sourceTree = "<group>"; };
		BCF501CF254A943E00DE7797 /* image_classification.prototxt */ = {isa = PBXFileReference; fileEncoding = 4; lastKnownFileType = text; path = image_classification.prototxt; sourceTree = "<group>"; };
		BCF5FEAC2548061D00DE7797 /* ImageClassificationDemo.app */ = {isa = PBXFileReference; explicitFileType = wrapper.application; includeInIndex = 0; path = ImageClassificationDemo.app; sourceTree = BUILT_PRODUCTS_DIR; };
		BCF5FEAF2548061D00DE7797 /* AppDelegate.h */ = {isa = PBXFileReference; lastKnownFileType = sourcecode.c.h; path = AppDelegate.h; sourceTree = "<group>"; };
		BCF5FEB02548061D00DE7797 /* AppDelegate.m */ = {isa = PBXFileReference; lastKnownFileType = sourcecode.c.objc; path = AppDelegate.m; sourceTree = "<group>"; };
		BCF5FEB22548061D00DE7797 /* SceneDelegate.h */ = {isa = PBXFileReference; lastKnownFileType = sourcecode.c.h; path = SceneDelegate.h; sourceTree = "<group>"; };
		BCF5FEB32548061D00DE7797 /* SceneDelegate.m */ = {isa = PBXFileReference; lastKnownFileType = sourcecode.c.objc; path = SceneDelegate.m; sourceTree = "<group>"; };
		BCF5FEB52548061D00DE7797 /* ViewController.h */ = {isa = PBXFileReference; lastKnownFileType = sourcecode.c.h; path = ViewController.h; sourceTree = "<group>"; };
		BCF5FEB62548061D00DE7797 /* ViewController.mm */ = {isa = PBXFileReference; lastKnownFileType = sourcecode.cpp.objcpp; path = ViewController.mm; sourceTree = "<group>"; };
		BCF5FEB92548061D00DE7797 /* Base */ = {isa = PBXFileReference; lastKnownFileType = file.storyboard; name = Base; path = Base.lproj/Main.storyboard; sourceTree = "<group>"; };
		BCF5FEBB2548062600DE7797 /* Assets.xcassets */ = {isa = PBXFileReference; lastKnownFileType = folder.assetcatalog; path = Assets.xcassets; sourceTree = "<group>"; };
		BCF5FEBE2548062600DE7797 /* Base */ = {isa = PBXFileReference; lastKnownFileType = file.storyboard; name = Base; path = Base.lproj/LaunchScreen.storyboard; sourceTree = "<group>"; };
		BCF5FEC02548062600DE7797 /* Info.plist */ = {isa = PBXFileReference; lastKnownFileType = text.plist.xml; path = Info.plist; sourceTree = "<group>"; };
		BCF5FEC12548062600DE7797 /* main.m */ = {isa = PBXFileReference; lastKnownFileType = sourcecode.c.objc; path = main.m; sourceTree = "<group>"; };
		BCF5FEC72548062700DE7797 /* ImageClassificationDemoTests.xctest */ = {isa = PBXFileReference; explicitFileType = wrapper.cfbundle; includeInIndex = 0; path = ImageClassificationDemoTests.xctest; sourceTree = BUILT_PRODUCTS_DIR; };
		BCF5FECB2548062700DE7797 /* ImageClassificationDemoTests.m */ = {isa = PBXFileReference; lastKnownFileType = sourcecode.c.objc; path = ImageClassificationDemoTests.m; sourceTree = "<group>"; };
		BCF5FECD2548062700DE7797 /* Info.plist */ = {isa = PBXFileReference; lastKnownFileType = text.plist.xml; path = Info.plist; sourceTree = "<group>"; };
		BCF5FED22548062700DE7797 /* ImageClassificationDemoUITests.xctest */ = {isa = PBXFileReference; explicitFileType = wrapper.cfbundle; includeInIndex = 0; path = ImageClassificationDemoUITests.xctest; sourceTree = BUILT_PRODUCTS_DIR; };
		BCF5FED62548062700DE7797 /* ImageClassificationDemoUITests.m */ = {isa = PBXFileReference; lastKnownFileType = sourcecode.c.objc; path = ImageClassificationDemoUITests.m; sourceTree = "<group>"; };
		BCF5FED82548062700DE7797 /* Info.plist */ = {isa = PBXFileReference; lastKnownFileType = text.plist.xml; path = Info.plist; sourceTree = "<group>"; };
		BCF5FEE52548064F00DE7797 /* AVFoundation.framework */ = {isa = PBXFileReference; lastKnownFileType = wrapper.framework; name = AVFoundation.framework; path = System/Library/Frameworks/AVFoundation.framework; sourceTree = SDKROOT; };
		BCF5FEE8254806B700DE7797 /* imagenet_classes.txt */ = {isa = PBXFileReference; fileEncoding = 4; lastKnownFileType = text; path = imagenet_classes.txt; sourceTree = "<group>"; };
		BCF5FEE9254806B700DE7797 /* ghostnet_f32.bolt */ = {isa = PBXFileReference; lastKnownFileType = file; path = ghostnet_f32.bolt; sourceTree = "<group>"; };
/* End PBXFileReference section */

/* Begin PBXFrameworksBuildPhase section */
		BCF5FEA92548061D00DE7797 /* Frameworks */ = {
			isa = PBXFrameworksBuildPhase;
			buildActionMask = 2147483647;
			files = (
				BCF50073254807B500DE7797 /* CoreMedia.framework in Frameworks */,
				BCF5FEE62548064F00DE7797 /* AVFoundation.framework in Frameworks */,
				BCF5006E254806B800DE7797 /* libflow.a in Frameworks */,
				BCF5006F254806B800DE7797 /* libbolt.a in Frameworks */,
				BCF5015C254958DA00DE7797 /* libprotobuf.a in Frameworks */,
			);
			runOnlyForDeploymentPostprocessing = 0;
		};
		BCF5FEC42548062700DE7797 /* Frameworks */ = {
			isa = PBXFrameworksBuildPhase;
			buildActionMask = 2147483647;
			files = (
			);
			runOnlyForDeploymentPostprocessing = 0;
		};
		BCF5FECF2548062700DE7797 /* Frameworks */ = {
			isa = PBXFrameworksBuildPhase;
			buildActionMask = 2147483647;
			files = (
			);
			runOnlyForDeploymentPostprocessing = 0;
		};
/* End PBXFrameworksBuildPhase section */

/* Begin PBXGroup section */
		BCF5009C2549525700DE7797 /* headers */ = {
			isa = PBXGroup;
			children = (
				BCF50161254A927800DE7797 /* protobuf */,
				BCF5009D2549525700DE7797 /* memory */,
				BCF500A42549525700DE7797 /* uni */,
				BCF500B72549525700DE7797 /* engine */,
				BCF501452549525700DE7797 /* kit_flags.h */,
				BCF501462549525700DE7797 /* flow */,
			);
			path = headers;
			sourceTree = "<group>";
		};
		BCF5009D2549525700DE7797 /* memory */ = {
			isa = PBXGroup;
			children = (
				BCF501CB254A93D800DE7797 /* memory_cpu.hpp */,
				BCF501CA254A93D800DE7797 /* memory_ocl.hpp */,
				BCF501CC254A93D800DE7797 /* memory.hpp */,
				BCF501CE254A93D800DE7797 /* point_cast.hpp */,
				BCF501CD254A93D800DE7797 /* tensor.hpp */,
			);
			path = memory;
			sourceTree = "<group>";
		};
		BCF500A42549525700DE7797 /* uni */ = {
			isa = PBXGroup;
			children = (
				BCF501C5254A937200DE7797 /* algorithm_map.h */,
				BCF501BE254A937200DE7797 /* arm_neon_expand.h */,
				BCF501C4254A937200DE7797 /* error.h */,
				BCF501C1254A937200DE7797 /* graph.h */,
				BCF501BF254A937200DE7797 /* model_print.h */,
				BCF501C2254A937200DE7797 /* model_serialize_deserialize.hpp */,
				BCF501C0254A937200DE7797 /* op_type.h */,
				BCF501B9254A937100DE7797 /* parse_command.h */,
				BCF501C7254A937200DE7797 /* profiling.h */,
				BCF501C8254A937200DE7797 /* schedule.h */,
				BCF501BB254A937200DE7797 /* sys.h */,
				BCF501BA254A937200DE7797 /* task.h */,
				BCF501C9254A937200DE7797 /* tensor_desc.h */,
				BCF501BC254A937200DE7797 /* thread_affinity.h */,
				BCF501C3254A937200DE7797 /* types.h */,
				BCF501C6254A937200DE7797 /* ut_util.h */,
				BCF501BD254A937200DE7797 /* x86_avx2_expand.h */,
			);
			path = uni;
			sourceTree = "<group>";
		};
		BCF500B72549525700DE7797 /* engine */ = {
			isa = PBXGroup;
			children = (
				BCF500B82549525700DE7797 /* cnn.h */,
				BCF500B92549525700DE7797 /* memory_tracker.hpp */,
				BCF500BA2549525700DE7797 /* model.hpp */,
				BCF500BB2549525700DE7797 /* operator.hpp */,
			);
			path = engine;
			sourceTree = "<group>";
		};
		BCF501462549525700DE7797 /* flow */ = {
			isa = PBXGroup;
			children = (
				BCF501472549525700DE7797 /* node.h */,
				BCF501482549525700DE7797 /* flow.h */,
				BCF501492549525700DE7797 /* flow_function_factory.h */,
				BCF5014A2549525700DE7797 /* flow.pb.h */,
			);
			path = flow;
			sourceTree = "<group>";
		};
		BCF50161254A927800DE7797 /* protobuf */ = {
			isa = PBXGroup;
			children = (
				BCF50162254A927800DE7797 /* stubs */,
				BCF50183254A927800DE7797 /* repeated_field.h */,
				BCF50186254A927800DE7797 /* arenastring.h */,
				BCF50188254A927800DE7797 /* descriptor.h */,
				BCF50189254A927800DE7797 /* io */,
				BCF5018F254A927800DE7797 /* message.h */,
				BCF50191254A927800DE7797 /* text_format.h */,
				BCF50192254A927800DE7797 /* has_bits.h */,
				BCF50194254A927800DE7797 /* metadata.h */,
				BCF50195254A927800DE7797 /* extension_set.h */,
				BCF50199254A927800DE7797 /* unknown_field_set.h */,
				BCF5019A254A927800DE7797 /* message_lite.h */,
				BCF5019B254A927800DE7797 /* generated_message_util.h */,
				BCF5019E254A927800DE7797 /* arena.h */,
			);
			path = protobuf;
			sourceTree = "<group>";
		};
		BCF50162254A927800DE7797 /* stubs */ = {
			isa = PBXGroup;
			children = (
				BCF50163254A927800DE7797 /* scoped_ptr.h */,
				BCF50164254A927800DE7797 /* stl_util.h */,
				BCF50165254A927800DE7797 /* atomicops_internals_solaris.h */,
				BCF50166254A927800DE7797 /* port.h */,
				BCF50167254A927800DE7797 /* atomic_sequence_num.h */,
				BCF50168254A927800DE7797 /* atomicops_internals_arm_gcc.h */,
				BCF50169254A927800DE7797 /* template_util.h */,
				BCF5016A254A927800DE7797 /* atomicops_internals_macosx.h */,
				BCF5016B254A927800DE7797 /* atomicops_internals_ppc_gcc.h */,
				BCF5016C254A927800DE7797 /* atomicops_internals_mips_gcc.h */,
				BCF5016D254A927800DE7797 /* casts.h */,
				BCF5016E254A927800DE7797 /* logging.h */,
				BCF5016F254A927800DE7797 /* atomicops.h */,
				BCF50170254A927800DE7797 /* atomicops_internals_x86_gcc.h */,
				BCF50171254A927800DE7797 /* atomicops_internals_power.h */,
				BCF50172254A927800DE7797 /* atomicops_internals_x86_msvc.h */,
				BCF50173254A927800DE7797 /* atomicops_internals_tsan.h */,
				BCF50174254A927800DE7797 /* atomicops_internals_generic_gcc.h */,
				BCF50175254A927800DE7797 /* atomicops_internals_arm_qnx.h */,
				BCF50176254A927800DE7797 /* common.h */,
				BCF50177254A927800DE7797 /* shared_ptr.h */,
				BCF50178254A927800DE7797 /* macros.h */,
				BCF50179254A927800DE7797 /* atomicops_internals_arm64_gcc.h */,
				BCF5017A254A927800DE7797 /* platform_macros.h */,
				BCF5017B254A927800DE7797 /* once.h */,
				BCF5017C254A927800DE7797 /* fastmem.h */,
				BCF5017D254A927800DE7797 /* atomicops_internals_pnacl.h */,
				BCF5017E254A927800DE7797 /* mutex.h */,
				BCF5017F254A927800DE7797 /* type_traits.h */,
				BCF50180254A927800DE7797 /* callback.h */,
				BCF50181254A927800DE7797 /* atomicops_internals_atomicword_compat.h */,
			);
			path = stubs;
			sourceTree = "<group>";
		};
		BCF50189254A927800DE7797 /* io */ = {
			isa = PBXGroup;
			children = (
				BCF5018A254A927800DE7797 /* zero_copy_stream_impl.h */,
				BCF5018B254A927800DE7797 /* zero_copy_stream_impl_lite.h */,
				BCF5018C254A927800DE7797 /* strtod.h */,
				BCF5018D254A927800DE7797 /* zero_copy_stream.h */,
				BCF5018E254A927800DE7797 /* coded_stream.h */,
			);
			path = io;
			sourceTree = "<group>";
		};
		BCF5FEA32548061D00DE7797 = {
			isa = PBXGroup;
			children = (
				BCF5FEAE2548061D00DE7797 /* ImageClassificationDemo */,
				BCF5FECA2548062700DE7797 /* ImageClassificationDemoTests */,
				BCF5FED52548062700DE7797 /* ImageClassificationDemoUITests */,
				BCF5FEAD2548061D00DE7797 /* Products */,
				BCF5FEE42548064F00DE7797 /* Frameworks */,
			);
			sourceTree = "<group>";
		};
		BCF5FEAD2548061D00DE7797 /* Products */ = {
			isa = PBXGroup;
			children = (
				BCF5FEAC2548061D00DE7797 /* ImageClassificationDemo.app */,
				BCF5FEC72548062700DE7797 /* ImageClassificationDemoTests.xctest */,
				BCF5FED22548062700DE7797 /* ImageClassificationDemoUITests.xctest */,
			);
			name = Products;
			sourceTree = "<group>";
		};
		BCF5FEAE2548061D00DE7797 /* ImageClassificationDemo */ = {
			isa = PBXGroup;
			children = (
				BCF5FEAF2548061D00DE7797 /* AppDelegate.h */,
				BCF5FEB02548061D00DE7797 /* AppDelegate.m */,
				BCF5FEB22548061D00DE7797 /* SceneDelegate.h */,
				BCF5FEB32548061D00DE7797 /* SceneDelegate.m */,
				BCF5FEB52548061D00DE7797 /* ViewController.h */,
				BCF5FEB62548061D00DE7797 /* ViewController.mm */,
				BCF5FEB82548061D00DE7797 /* Main.storyboard */,
				BCF5FEE7254806B700DE7797 /* libbolt */,
				BCF5FEBB2548062600DE7797 /* Assets.xcassets */,
				BCF5FEBD2548062600DE7797 /* LaunchScreen.storyboard */,
				BCF5FEC02548062600DE7797 /* Info.plist */,
				BCF5FEC12548062600DE7797 /* main.m */,
			);
			path = ImageClassificationDemo;
			sourceTree = "<group>";
		};
		BCF5FECA2548062700DE7797 /* ImageClassificationDemoTests */ = {
			isa = PBXGroup;
			children = (
				BCF5FECB2548062700DE7797 /* ImageClassificationDemoTests.m */,
				BCF5FECD2548062700DE7797 /* Info.plist */,
			);
			path = ImageClassificationDemoTests;
			sourceTree = "<group>";
		};
		BCF5FED52548062700DE7797 /* ImageClassificationDemoUITests */ = {
			isa = PBXGroup;
			children = (
				BCF5FED62548062700DE7797 /* ImageClassificationDemoUITests.m */,
				BCF5FED82548062700DE7797 /* Info.plist */,
			);
			path = ImageClassificationDemoUITests;
			sourceTree = "<group>";
		};
		BCF5FEE42548064F00DE7797 /* Frameworks */ = {
			isa = PBXGroup;
			children = (
				BCF50072254807B400DE7797 /* CoreMedia.framework */,
				BCF5FEE52548064F00DE7797 /* AVFoundation.framework */,
			);
			name = Frameworks;
			sourceTree = "<group>";
		};
		BCF5FEE7254806B700DE7797 /* libbolt */ = {
			isa = PBXGroup;
			children = (
				BCF501CF254A943E00DE7797 /* image_classification.prototxt */,
				BCF5FEE8254806B700DE7797 /* imagenet_classes.txt */,
				BCF5FEE9254806B700DE7797 /* ghostnet_f32.bolt */,
				BCF50058254806B800DE7797 /* ghostnet_f16.bolt */,
				BCF50059254806B800DE7797 /* libflow.a */,
				BCF5005A254806B800DE7797 /* libbolt.a */,
				BCF5015B254958DA00DE7797 /* libprotobuf.a */,
				BCF5009C2549525700DE7797 /* headers */,
			);
			path = libbolt;
			sourceTree = "<group>";
		};
/* End PBXGroup section */

/* Begin PBXNativeTarget section */
		BCF5FEAB2548061D00DE7797 /* ImageClassificationDemo */ = {
			isa = PBXNativeTarget;
			buildConfigurationList = BCF5FEDB2548062700DE7797 /* Build configuration list for PBXNativeTarget "ImageClassificationDemo" */;
			buildPhases = (
				BCF5FEA82548061D00DE7797 /* Sources */,
				BCF5FEA92548061D00DE7797 /* Frameworks */,
				BCF5FEAA2548061D00DE7797 /* Resources */,
			);
			buildRules = (
			);
			dependencies = (
			);
			name = ImageClassificationDemo;
			productName = ImageClassificationDemo;
			productReference = BCF5FEAC2548061D00DE7797 /* ImageClassificationDemo.app */;
			productType = "com.apple.product-type.application";
		};
		BCF5FEC62548062700DE7797 /* ImageClassificationDemoTests */ = {
			isa = PBXNativeTarget;
			buildConfigurationList = BCF5FEDE2548062700DE7797 /* Build configuration list for PBXNativeTarget "ImageClassificationDemoTests" */;
			buildPhases = (
				BCF5FEC32548062700DE7797 /* Sources */,
				BCF5FEC42548062700DE7797 /* Frameworks */,
				BCF5FEC52548062700DE7797 /* Resources */,
			);
			buildRules = (
			);
			dependencies = (
				BCF5FEC92548062700DE7797 /* PBXTargetDependency */,
			);
			name = ImageClassificationDemoTests;
			productName = ImageClassificationDemoTests;
			productReference = BCF5FEC72548062700DE7797 /* ImageClassificationDemoTests.xctest */;
			productType = "com.apple.product-type.bundle.unit-test";
		};
		BCF5FED12548062700DE7797 /* ImageClassificationDemoUITests */ = {
			isa = PBXNativeTarget;
			buildConfigurationList = BCF5FEE12548062700DE7797 /* Build configuration list for PBXNativeTarget "ImageClassificationDemoUITests" */;
			buildPhases = (
				BCF5FECE2548062700DE7797 /* Sources */,
				BCF5FECF2548062700DE7797 /* Frameworks */,
				BCF5FED02548062700DE7797 /* Resources */,
			);
			buildRules = (
			);
			dependencies = (
				BCF5FED42548062700DE7797 /* PBXTargetDependency */,
			);
			name = ImageClassificationDemoUITests;
			productName = ImageClassificationDemoUITests;
			productReference = BCF5FED22548062700DE7797 /* ImageClassificationDemoUITests.xctest */;
			productType = "com.apple.product-type.bundle.ui-testing";
		};
/* End PBXNativeTarget section */

/* Begin PBXProject section */
		BCF5FEA42548061D00DE7797 /* Project object */ = {
			isa = PBXProject;
			attributes = {
				LastUpgradeCheck = 1160;
				ORGANIZATIONNAME = leironghao;
				TargetAttributes = {
					BCF5FEAB2548061D00DE7797 = {
						CreatedOnToolsVersion = 11.6;
					};
					BCF5FEC62548062700DE7797 = {
						CreatedOnToolsVersion = 11.6;
						TestTargetID = BCF5FEAB2548061D00DE7797;
					};
					BCF5FED12548062700DE7797 = {
						CreatedOnToolsVersion = 11.6;
						TestTargetID = BCF5FEAB2548061D00DE7797;
					};
				};
			};
			buildConfigurationList = BCF5FEA72548061D00DE7797 /* Build configuration list for PBXProject "ImageClassificationDemo" */;
			compatibilityVersion = "Xcode 9.3";
			developmentRegion = en;
			hasScannedForEncodings = 0;
			knownRegions = (
				en,
				Base,
			);
			mainGroup = BCF5FEA32548061D00DE7797;
			productRefGroup = BCF5FEAD2548061D00DE7797 /* Products */;
			projectDirPath = "";
			projectRoot = "";
			targets = (
				BCF5FEAB2548061D00DE7797 /* ImageClassificationDemo */,
				BCF5FEC62548062700DE7797 /* ImageClassificationDemoTests */,
				BCF5FED12548062700DE7797 /* ImageClassificationDemoUITests */,
			);
		};
/* End PBXProject section */

/* Begin PBXResourcesBuildPhase section */
		BCF5FEAA2548061D00DE7797 /* Resources */ = {
			isa = PBXResourcesBuildPhase;
			buildActionMask = 2147483647;
			files = (
				BCF5006D254806B800DE7797 /* ghostnet_f16.bolt in Resources */,
				BCF5FEBF2548062600DE7797 /* LaunchScreen.storyboard in Resources */,
				BCF5005B254806B800DE7797 /* imagenet_classes.txt in Resources */,
				BCF5FEBC2548062600DE7797 /* Assets.xcassets in Resources */,
				BCF501D0254A943E00DE7797 /* image_classification.prototxt in Resources */,
				BCF5FEBA2548061D00DE7797 /* Main.storyboard in Resources */,
				BCF5005C254806B800DE7797 /* ghostnet_f32.bolt in Resources */,
			);
			runOnlyForDeploymentPostprocessing = 0;
		};
		BCF5FEC52548062700DE7797 /* Resources */ = {
			isa = PBXResourcesBuildPhase;
			buildActionMask = 2147483647;
			files = (
			);
			runOnlyForDeploymentPostprocessing = 0;
		};
		BCF5FED02548062700DE7797 /* Resources */ = {
			isa = PBXResourcesBuildPhase;
			buildActionMask = 2147483647;
			files = (
			);
			runOnlyForDeploymentPostprocessing = 0;
		};
/* End PBXResourcesBuildPhase section */

/* Begin PBXSourcesBuildPhase section */
		BCF5FEA82548061D00DE7797 /* Sources */ = {
			isa = PBXSourcesBuildPhase;
			buildActionMask = 2147483647;
			files = (
				BCF5FEB72548061D00DE7797 /* ViewController.mm in Sources */,
				BCF5FEB12548061D00DE7797 /* AppDelegate.m in Sources */,
				BCF5FEC22548062600DE7797 /* main.m in Sources */,
				BCF5FEB42548061D00DE7797 /* SceneDelegate.m in Sources */,
			);
			runOnlyForDeploymentPostprocessing = 0;
		};
		BCF5FEC32548062700DE7797 /* Sources */ = {
			isa = PBXSourcesBuildPhase;
			buildActionMask = 2147483647;
			files = (
				BCF5FECC2548062700DE7797 /* ImageClassificationDemoTests.m in Sources */,
			);
			runOnlyForDeploymentPostprocessing = 0;
		};
		BCF5FECE2548062700DE7797 /* Sources */ = {
			isa = PBXSourcesBuildPhase;
			buildActionMask = 2147483647;
			files = (
				BCF5FED72548062700DE7797 /* ImageClassificationDemoUITests.m in Sources */,
			);
			runOnlyForDeploymentPostprocessing = 0;
		};
/* End PBXSourcesBuildPhase section */

/* Begin PBXTargetDependency section */
		BCF5FEC92548062700DE7797 /* PBXTargetDependency */ = {
			isa = PBXTargetDependency;
			target = BCF5FEAB2548061D00DE7797 /* ImageClassificationDemo */;
			targetProxy = BCF5FEC82548062700DE7797 /* PBXContainerItemProxy */;
		};
		BCF5FED42548062700DE7797 /* PBXTargetDependency */ = {
			isa = PBXTargetDependency;
			target = BCF5FEAB2548061D00DE7797 /* ImageClassificationDemo */;
			targetProxy = BCF5FED32548062700DE7797 /* PBXContainerItemProxy */;
		};
/* End PBXTargetDependency section */

/* Begin PBXVariantGroup section */
		BCF5FEB82548061D00DE7797 /* Main.storyboard */ = {
			isa = PBXVariantGroup;
			children = (
				BCF5FEB92548061D00DE7797 /* Base */,
			);
			name = Main.storyboard;
			sourceTree = "<group>";
		};
		BCF5FEBD2548062600DE7797 /* LaunchScreen.storyboard */ = {
			isa = PBXVariantGroup;
			children = (
				BCF5FEBE2548062600DE7797 /* Base */,
			);
			name = LaunchScreen.storyboard;
			sourceTree = "<group>";
		};
/* End PBXVariantGroup section */

/* Begin XCBuildConfiguration section */
		BCF5FED92548062700DE7797 /* Debug */ = {
			isa = XCBuildConfiguration;
			buildSettings = {
				ALWAYS_SEARCH_USER_PATHS = NO;
				CLANG_ANALYZER_NONNULL = YES;
				CLANG_ANALYZER_NUMBER_OBJECT_CONVERSION = YES_AGGRESSIVE;
				CLANG_CXX_LANGUAGE_STANDARD = "gnu++14";
				CLANG_CXX_LIBRARY = "libc++";
				CLANG_ENABLE_MODULES = YES;
				CLANG_ENABLE_OBJC_ARC = YES;
				CLANG_ENABLE_OBJC_WEAK = YES;
				CLANG_WARN_BLOCK_CAPTURE_AUTORELEASING = YES;
				CLANG_WARN_BOOL_CONVERSION = YES;
				CLANG_WARN_COMMA = YES;
				CLANG_WARN_CONSTANT_CONVERSION = YES;
				CLANG_WARN_DEPRECATED_OBJC_IMPLEMENTATIONS = YES;
				CLANG_WARN_DIRECT_OBJC_ISA_USAGE = YES_ERROR;
				CLANG_WARN_DOCUMENTATION_COMMENTS = YES;
				CLANG_WARN_EMPTY_BODY = YES;
				CLANG_WARN_ENUM_CONVERSION = YES;
				CLANG_WARN_INFINITE_RECURSION = YES;
				CLANG_WARN_INT_CONVERSION = YES;
				CLANG_WARN_NON_LITERAL_NULL_CONVERSION = YES;
				CLANG_WARN_OBJC_IMPLICIT_RETAIN_SELF = YES;
				CLANG_WARN_OBJC_LITERAL_CONVERSION = YES;
				CLANG_WARN_OBJC_ROOT_CLASS = YES_ERROR;
				CLANG_WARN_RANGE_LOOP_ANALYSIS = YES;
				CLANG_WARN_STRICT_PROTOTYPES = YES;
				CLANG_WARN_SUSPICIOUS_MOVE = YES;
				CLANG_WARN_UNGUARDED_AVAILABILITY = YES_AGGRESSIVE;
				CLANG_WARN_UNREACHABLE_CODE = YES;
				CLANG_WARN__DUPLICATE_METHOD_MATCH = YES;
				COPY_PHASE_STRIP = NO;
				DEBUG_INFORMATION_FORMAT = dwarf;
				ENABLE_STRICT_OBJC_MSGSEND = YES;
				ENABLE_TESTABILITY = YES;
				GCC_C_LANGUAGE_STANDARD = gnu11;
				GCC_DYNAMIC_NO_PIC = NO;
				GCC_NO_COMMON_BLOCKS = YES;
				GCC_OPTIMIZATION_LEVEL = 0;
				GCC_PREPROCESSOR_DEFINITIONS = (
					"DEBUG=1",
					"$(inherited)",
				);
				GCC_WARN_64_TO_32_BIT_CONVERSION = YES;
				GCC_WARN_ABOUT_RETURN_TYPE = YES_ERROR;
				GCC_WARN_UNDECLARED_SELECTOR = YES;
				GCC_WARN_UNINITIALIZED_AUTOS = YES_AGGRESSIVE;
				GCC_WARN_UNUSED_FUNCTION = YES;
				GCC_WARN_UNUSED_VARIABLE = YES;
				IPHONEOS_DEPLOYMENT_TARGET = 13.6;
				MTL_ENABLE_DEBUG_INFO = INCLUDE_SOURCE;
				MTL_FAST_MATH = YES;
				ONLY_ACTIVE_ARCH = YES;
				SDKROOT = iphoneos;
			};
			name = Debug;
		};
		BCF5FEDA2548062700DE7797 /* Release */ = {
			isa = XCBuildConfiguration;
			buildSettings = {
				ALWAYS_SEARCH_USER_PATHS = NO;
				CLANG_ANALYZER_NONNULL = YES;
				CLANG_ANALYZER_NUMBER_OBJECT_CONVERSION = YES_AGGRESSIVE;
				CLANG_CXX_LANGUAGE_STANDARD = "gnu++14";
				CLANG_CXX_LIBRARY = "libc++";
				CLANG_ENABLE_MODULES = YES;
				CLANG_ENABLE_OBJC_ARC = YES;
				CLANG_ENABLE_OBJC_WEAK = YES;
				CLANG_WARN_BLOCK_CAPTURE_AUTORELEASING = YES;
				CLANG_WARN_BOOL_CONVERSION = YES;
				CLANG_WARN_COMMA = YES;
				CLANG_WARN_CONSTANT_CONVERSION = YES;
				CLANG_WARN_DEPRECATED_OBJC_IMPLEMENTATIONS = YES;
				CLANG_WARN_DIRECT_OBJC_ISA_USAGE = YES_ERROR;
				CLANG_WARN_DOCUMENTATION_COMMENTS = YES;
				CLANG_WARN_EMPTY_BODY = YES;
				CLANG_WARN_ENUM_CONVERSION = YES;
				CLANG_WARN_INFINITE_RECURSION = YES;
				CLANG_WARN_INT_CONVERSION = YES;
				CLANG_WARN_NON_LITERAL_NULL_CONVERSION = YES;
				CLANG_WARN_OBJC_IMPLICIT_RETAIN_SELF = YES;
				CLANG_WARN_OBJC_LITERAL_CONVERSION = YES;
				CLANG_WARN_OBJC_ROOT_CLASS = YES_ERROR;
				CLANG_WARN_RANGE_LOOP_ANALYSIS = YES;
				CLANG_WARN_STRICT_PROTOTYPES = YES;
				CLANG_WARN_SUSPICIOUS_MOVE = YES;
				CLANG_WARN_UNGUARDED_AVAILABILITY = YES_AGGRESSIVE;
				CLANG_WARN_UNREACHABLE_CODE = YES;
				CLANG_WARN__DUPLICATE_METHOD_MATCH = YES;
				COPY_PHASE_STRIP = NO;
				DEBUG_INFORMATION_FORMAT = "dwarf-with-dsym";
				ENABLE_NS_ASSERTIONS = NO;
				ENABLE_STRICT_OBJC_MSGSEND = YES;
				GCC_C_LANGUAGE_STANDARD = gnu11;
				GCC_NO_COMMON_BLOCKS = YES;
				GCC_WARN_64_TO_32_BIT_CONVERSION = YES;
				GCC_WARN_ABOUT_RETURN_TYPE = YES_ERROR;
				GCC_WARN_UNDECLARED_SELECTOR = YES;
				GCC_WARN_UNINITIALIZED_AUTOS = YES_AGGRESSIVE;
				GCC_WARN_UNUSED_FUNCTION = YES;
				GCC_WARN_UNUSED_VARIABLE = YES;
				IPHONEOS_DEPLOYMENT_TARGET = 13.6;
				MTL_ENABLE_DEBUG_INFO = NO;
				MTL_FAST_MATH = YES;
				SDKROOT = iphoneos;
				VALIDATE_PRODUCT = YES;
			};
			name = Release;
		};
		BCF5FEDC2548062700DE7797 /* Debug */ = {
			isa = XCBuildConfiguration;
			buildSettings = {
				ASSETCATALOG_COMPILER_APPICON_NAME = AppIcon;
				CODE_SIGN_STYLE = Automatic;
				DEVELOPMENT_TEAM = V3B23BH745;
				ENABLE_BITCODE = NO;
				INFOPLIST_FILE = ImageClassificationDemo/Info.plist;
				IPHONEOS_DEPLOYMENT_TARGET = 9.1;
				LD_RUNPATH_SEARCH_PATHS = (
					"$(inherited)",
					"@executable_path/Frameworks",
				);
				LIBRARY_SEARCH_PATHS = (
					"$(inherited)",
					"$(PROJECT_DIR)/ImageClassificationDemo/libbolt",
				);
				MACH_O_TYPE = mh_execute;
				PRODUCT_BUNDLE_IDENTIFIER = huawei.ImageClassificationDemo;
				PRODUCT_NAME = "$(TARGET_NAME)";
				TARGETED_DEVICE_FAMILY = "1,2";
			};
			name = Debug;
		};
		BCF5FEDD2548062700DE7797 /* Release */ = {
			isa = XCBuildConfiguration;
			buildSettings = {
				ASSETCATALOG_COMPILER_APPICON_NAME = AppIcon;
				CODE_SIGN_STYLE = Automatic;
				DEVELOPMENT_TEAM = V3B23BH745;
				ENABLE_BITCODE = NO;
				INFOPLIST_FILE = ImageClassificationDemo/Info.plist;
				IPHONEOS_DEPLOYMENT_TARGET = 9.1;
				LD_RUNPATH_SEARCH_PATHS = (
					"$(inherited)",
					"@executable_path/Frameworks",
				);
				LIBRARY_SEARCH_PATHS = (
					"$(inherited)",
					"$(PROJECT_DIR)/ImageClassificationDemo/libbolt",
				);
				MACH_O_TYPE = mh_execute;
				PRODUCT_BUNDLE_IDENTIFIER = huawei.ImageClassificationDemo;
				PRODUCT_NAME = "$(TARGET_NAME)";
				TARGETED_DEVICE_FAMILY = "1,2";
			};
			name = Release;
		};
		BCF5FEDF2548062700DE7797 /* Debug */ = {
			isa = XCBuildConfiguration;
			buildSettings = {
				BUNDLE_LOADER = "$(TEST_HOST)";
				CODE_SIGN_STYLE = Automatic;
				DEVELOPMENT_TEAM = V3B23BH745;
				INFOPLIST_FILE = ImageClassificationDemoTests/Info.plist;
				IPHONEOS_DEPLOYMENT_TARGET = 13.6;
				LD_RUNPATH_SEARCH_PATHS = (
					"$(inherited)",
					"@executable_path/Frameworks",
					"@loader_path/Frameworks",
				);
				PRODUCT_BUNDLE_IDENTIFIER = huawei.ImageClassificationDemoTests;
				PRODUCT_NAME = "$(TARGET_NAME)";
				TARGETED_DEVICE_FAMILY = "1,2";
				TEST_HOST = "$(BUILT_PRODUCTS_DIR)/ImageClassificationDemo.app/ImageClassificationDemo";
			};
			name = Debug;
		};
		BCF5FEE02548062700DE7797 /* Release */ = {
			isa = XCBuildConfiguration;
			buildSettings = {
				BUNDLE_LOADER = "$(TEST_HOST)";
				CODE_SIGN_STYLE = Automatic;
				DEVELOPMENT_TEAM = V3B23BH745;
				INFOPLIST_FILE = ImageClassificationDemoTests/Info.plist;
				IPHONEOS_DEPLOYMENT_TARGET = 13.6;
				LD_RUNPATH_SEARCH_PATHS = (
					"$(inherited)",
					"@executable_path/Frameworks",
					"@loader_path/Frameworks",
				);
				PRODUCT_BUNDLE_IDENTIFIER = huawei.ImageClassificationDemoTests;
				PRODUCT_NAME = "$(TARGET_NAME)";
				TARGETED_DEVICE_FAMILY = "1,2";
				TEST_HOST = "$(BUILT_PRODUCTS_DIR)/ImageClassificationDemo.app/ImageClassificationDemo";
			};
			name = Release;
		};
		BCF5FEE22548062700DE7797 /* Debug */ = {
			isa = XCBuildConfiguration;
			buildSettings = {
				CODE_SIGN_STYLE = Automatic;
				DEVELOPMENT_TEAM = V3B23BH745;
				INFOPLIST_FILE = ImageClassificationDemoUITests/Info.plist;
				LD_RUNPATH_SEARCH_PATHS = (
					"$(inherited)",
					"@executable_path/Frameworks",
					"@loader_path/Frameworks",
				);
				PRODUCT_BUNDLE_IDENTIFIER = huawei.ImageClassificationDemoUITests;
				PRODUCT_NAME = "$(TARGET_NAME)";
				TARGETED_DEVICE_FAMILY = "1,2";
				TEST_TARGET_NAME = ImageClassificationDemo;
			};
			name = Debug;
		};
		BCF5FEE32548062700DE7797 /* Release */ = {
			isa = XCBuildConfiguration;
			buildSettings = {
				CODE_SIGN_STYLE = Automatic;
				DEVELOPMENT_TEAM = V3B23BH745;
				INFOPLIST_FILE = ImageClassificationDemoUITests/Info.plist;
				LD_RUNPATH_SEARCH_PATHS = (
					"$(inherited)",
					"@executable_path/Frameworks",
					"@loader_path/Frameworks",
				);
				PRODUCT_BUNDLE_IDENTIFIER = huawei.ImageClassificationDemoUITests;
				PRODUCT_NAME = "$(TARGET_NAME)";
				TARGETED_DEVICE_FAMILY = "1,2";
				TEST_TARGET_NAME = ImageClassificationDemo;
			};
			name = Release;
		};
/* End XCBuildConfiguration section */

/* Begin XCConfigurationList section */
		BCF5FEA72548061D00DE7797 /* Build configuration list for PBXProject "ImageClassificationDemo" */ = {
			isa = XCConfigurationList;
			buildConfigurations = (
				BCF5FED92548062700DE7797 /* Debug */,
				BCF5FEDA2548062700DE7797 /* Release */,
			);
			defaultConfigurationIsVisible = 0;
			defaultConfigurationName = Release;
		};
		BCF5FEDB2548062700DE7797 /* Build configuration list for PBXNativeTarget "ImageClassificationDemo" */ = {
			isa = XCConfigurationList;
			buildConfigurations = (
				BCF5FEDC2548062700DE7797 /* Debug */,
				BCF5FEDD2548062700DE7797 /* Release */,
			);
			defaultConfigurationIsVisible = 0;
			defaultConfigurationName = Release;
		};
		BCF5FEDE2548062700DE7797 /* Build configuration list for PBXNativeTarget "ImageClassificationDemoTests" */ = {
			isa = XCConfigurationList;
			buildConfigurations = (
				BCF5FEDF2548062700DE7797 /* Debug */,
				BCF5FEE02548062700DE7797 /* Release */,
			);
			defaultConfigurationIsVisible = 0;
			defaultConfigurationName = Release;
		};
		BCF5FEE12548062700DE7797 /* Build configuration list for PBXNativeTarget "ImageClassificationDemoUITests" */ = {
			isa = XCConfigurationList;
			buildConfigurations = (
				BCF5FEE22548062700DE7797 /* Debug */,
				BCF5FEE32548062700DE7797 /* Release */,
			);
			defaultConfigurationIsVisible = 0;
			defaultConfigurationName = Release;
		};
/* End XCConfigurationList section */
	};
	rootObject = BCF5FEA42548061D00DE7797 /* Project object */;
}
